
Microsoft Visual Studio Solution File, Format Version 12.00
# Visual Studio Version 16
VisualStudioVersion = 16.0.29709.97
MinimumVisualStudioVersion = 10.0.40219.1
Project("{D954291E-2A0B-460D-934E-DC6B0785DB48}") = "TwoPainView.Shared", "TwoPainView.Shared\TwoPainView.Shared.shproj", "{6279C845-92F8-4333-AB99-3D213163593C}"
EndProject
Project("{FAE04EC0-301F-11D3-BF4B-00C04F79EFBC}") = "TwoPainView.Droid", "TwoPainView.Droid\TwoPainView.Droid.csproj", "{5C3B5DED-DBC0-42F1-88AA-F2CEC51414ED}"
EndProject
Project("{FAE04EC0-301F-11D3-BF4B-00C04F79EFBC}") = "TwoPainView.iOS", "TwoPainView.iOS\TwoPainView.iOS.csproj", "{C7A87A6E-9FCA-4D66-A14B-A0B7FB853A43}"
EndProject
Project("{FAE04EC0-301F-11D3-BF4B-00C04F79EFBC}") = "TwoPainView.UWP", "TwoPainView.UWP\TwoPainView.UWP.csproj", "{FF9C0844-04CC-45E5-9A0F-8EA848CFB5CC}"
EndProject
Project("{FAE04EC0-301F-11D3-BF4B-00C04F79EFBC}") = "TwoPainView.Wasm", "TwoPainView.Wasm\TwoPainView.Wasm.csproj", "{DC6FBA8F-72D6-4CE3-8D2D-A0094F2A9DA7}"
EndProject
Global
	GlobalSection(SharedMSBuildProjectFiles) = preSolution
		TwoPainView.Shared\TwoPainView.Shared.projitems*{5c3b5ded-dbc0-42f1-88aa-f2cec51414ed}*SharedItemsImports = 4
		TwoPainView.Shared\TwoPainView.Shared.projitems*{6279c845-92f8-4333-ab99-3d213163593c}*SharedItemsImports = 13
		TwoPainView.Shared\TwoPainView.Shared.projitems*{ff9c0844-04cc-45e5-9a0f-8ea848cfb5cc}*SharedItemsImports = 4
	EndGlobalSection
	GlobalSection(SolutionConfigurationPlatforms) = preSolution
		Ad-Hoc|Any CPU = Ad-Hoc|Any CPU
		Ad-Hoc|ARM = Ad-Hoc|ARM
		Ad-Hoc|iPhone = Ad-Hoc|iPhone
		Ad-Hoc|iPhoneSimulator = Ad-Hoc|iPhoneSimulator
		Ad-Hoc|x64 = Ad-Hoc|x64
		Ad-Hoc|x86 = Ad-Hoc|x86
		AppStore|Any CPU = AppStore|Any CPU
		AppStore|ARM = AppStore|ARM
		AppStore|iPhone = AppStore|iPhone
		AppStore|iPhoneSimulator = AppStore|iPhoneSimulator
		AppStore|x64 = AppStore|x64
		AppStore|x86 = AppStore|x86
		Debug|Any CPU = Debug|Any CPU
		Debug|ARM = Debug|ARM
		Debug|iPhone = Debug|iPhone
		Debug|iPhoneSimulator = Debug|iPhoneSimulator
		Debug|x64 = Debug|x64
		Debug|x86 = Debug|x86
		Release|Any CPU = Release|Any CPU
		Release|ARM = Release|ARM
		Release|iPhone = Release|iPhone
		Release|iPhoneSimulator = Release|iPhoneSimulator
		Release|x64 = Release|x64
		Release|x86 = Release|x86
	EndGlobalSection
	GlobalSection(ProjectConfigurationPlatforms) = postSolution
		{5C3B5DED-DBC0-42F1-88AA-F2CEC51414ED}.Ad-Hoc|Any CPU.ActiveCfg = Release|Any CPU
		{5C3B5DED-DBC0-42F1-88AA-F2CEC51414ED}.Ad-Hoc|Any CPU.Build.0 = Release|Any CPU
		{5C3B5DED-DBC0-42F1-88AA-F2CEC51414ED}.Ad-Hoc|Any CPU.Deploy.0 = Release|Any CPU
		{5C3B5DED-DBC0-42F1-88AA-F2CEC51414ED}.Ad-Hoc|ARM.ActiveCfg = Release|Any CPU
		{5C3B5DED-DBC0-42F1-88AA-F2CEC51414ED}.Ad-Hoc|ARM.Build.0 = Release|Any CPU
		{5C3B5DED-DBC0-42F1-88AA-F2CEC51414ED}.Ad-Hoc|ARM.Deploy.0 = Release|Any CPU
		{5C3B5DED-DBC0-42F1-88AA-F2CEC51414ED}.Ad-Hoc|iPhone.ActiveCfg = Release|Any CPU
		{5C3B5DED-DBC0-42F1-88AA-F2CEC51414ED}.Ad-Hoc|iPhone.Build.0 = Release|Any CPU
		{5C3B5DED-DBC0-42F1-88AA-F2CEC51414ED}.Ad-Hoc|iPhone.Deploy.0 = Release|Any CPU
		{5C3B5DED-DBC0-42F1-88AA-F2CEC51414ED}.Ad-Hoc|iPhoneSimulator.ActiveCfg = Release|Any CPU
		{5C3B5DED-DBC0-42F1-88AA-F2CEC51414ED}.Ad-Hoc|iPhoneSimulator.Build.0 = Release|Any CPU
		{5C3B5DED-DBC0-42F1-88AA-F2CEC51414ED}.Ad-Hoc|iPhoneSimulator.Deploy.0 = Release|Any CPU
		{5C3B5DED-DBC0-42F1-88AA-F2CEC51414ED}.Ad-Hoc|x64.ActiveCfg = Release|Any CPU
		{5C3B5DED-DBC0-42F1-88AA-F2CEC51414ED}.Ad-Hoc|x64.Build.0 = Release|Any CPU
		{5C3B5DED-DBC0-42F1-88AA-F2CEC51414ED}.Ad-Hoc|x64.Deploy.0 = Release|Any CPU
		{5C3B5DED-DBC0-42F1-88AA-F2CEC51414ED}.Ad-Hoc|x86.ActiveCfg = Release|Any CPU
		{5C3B5DED-DBC0-42F1-88AA-F2CEC51414ED}.Ad-Hoc|x86.Build.0 = Release|Any CPU
		{5C3B5DED-DBC0-42F1-88AA-F2CEC51414ED}.Ad-Hoc|x86.Deploy.0 = Release|Any CPU
		{5C3B5DED-DBC0-42F1-88AA-F2CEC51414ED}.AppStore|Any CPU.ActiveCfg = Release|Any CPU
		{5C3B5DED-DBC0-42F1-88AA-F2CEC51414ED}.AppStore|Any CPU.Build.0 = Release|Any CPU
		{5C3B5DED-DBC0-42F1-88AA-F2CEC51414ED}.AppStore|Any CPU.Deploy.0 = Release|Any CPU
		{5C3B5DED-DBC0-42F1-88AA-F2CEC51414ED}.AppStore|ARM.ActiveCfg = Release|Any CPU
		{5C3B5DED-DBC0-42F1-88AA-F2CEC51414ED}.AppStore|ARM.Build.0 = Release|Any CPU
		{5C3B5DED-DBC0-42F1-88AA-F2CEC51414ED}.AppStore|ARM.Deploy.0 = Release|Any CPU
		{5C3B5DED-DBC0-42F1-88AA-F2CEC51414ED}.AppStore|iPhone.ActiveCfg = Release|Any CPU
		{5C3B5DED-DBC0-42F1-88AA-F2CEC51414ED}.AppStore|iPhone.Build.0 = Release|Any CPU
		{5C3B5DED-DBC0-42F1-88AA-F2CEC51414ED}.AppStore|iPhone.Deploy.0 = Release|Any CPU
		{5C3B5DED-DBC0-42F1-88AA-F2CEC51414ED}.AppStore|iPhoneSimulator.ActiveCfg = Release|Any CPU
		{5C3B5DED-DBC0-42F1-88AA-F2CEC51414ED}.AppStore|iPhoneSimulator.Build.0 = Release|Any CPU
		{5C3B5DED-DBC0-42F1-88AA-F2CEC51414ED}.AppStore|iPhoneSimulator.Deploy.0 = Release|Any CPU
		{5C3B5DED-DBC0-42F1-88AA-F2CEC51414ED}.AppStore|x64.ActiveCfg = Release|Any CPU
		{5C3B5DED-DBC0-42F1-88AA-F2CEC51414ED}.AppStore|x64.Build.0 = Release|Any CPU
		{5C3B5DED-DBC0-42F1-88AA-F2CEC51414ED}.AppStore|x64.Deploy.0 = Release|Any CPU
		{5C3B5DED-DBC0-42F1-88AA-F2CEC51414ED}.AppStore|x86.ActiveCfg = Release|Any CPU
		{5C3B5DED-DBC0-42F1-88AA-F2CEC51414ED}.AppStore|x86.Build.0 = Release|Any CPU
		{5C3B5DED-DBC0-42F1-88AA-F2CEC51414ED}.AppStore|x86.Deploy.0 = Release|Any CPU
		{5C3B5DED-DBC0-42F1-88AA-F2CEC51414ED}.Debug|Any CPU.ActiveCfg = Debug|Any CPU
		{5C3B5DED-DBC0-42F1-88AA-F2CEC51414ED}.Debug|Any CPU.Build.0 = Debug|Any CPU
		{5C3B5DED-DBC0-42F1-88AA-F2CEC51414ED}.Debug|Any CPU.Deploy.0 = Debug|Any CPU
		{5C3B5DED-DBC0-42F1-88AA-F2CEC51414ED}.Debug|ARM.ActiveCfg = Debug|Any CPU
		{5C3B5DED-DBC0-42F1-88AA-F2CEC51414ED}.Debug|ARM.Build.0 = Debug|Any CPU
		{5C3B5DED-DBC0-42F1-88AA-F2CEC51414ED}.Debug|ARM.Deploy.0 = Debug|Any CPU
		{5C3B5DED-DBC0-42F1-88AA-F2CEC51414ED}.Debug|iPhone.ActiveCfg = Debug|Any CPU
		{5C3B5DED-DBC0-42F1-88AA-F2CEC51414ED}.Debug|iPhone.Build.0 = Debug|Any CPU
		{5C3B5DED-DBC0-42F1-88AA-F2CEC51414ED}.Debug|iPhone.Deploy.0 = Debug|Any CPU
		{5C3B5DED-DBC0-42F1-88AA-F2CEC51414ED}.Debug|iPhoneSimulator.ActiveCfg = Debug|Any CPU
		{5C3B5DED-DBC0-42F1-88AA-F2CEC51414ED}.Debug|iPhoneSimulator.Build.0 = Debug|Any CPU
		{5C3B5DED-DBC0-42F1-88AA-F2CEC51414ED}.Debug|iPhoneSimulator.Deploy.0 = Debug|Any CPU
		{5C3B5DED-DBC0-42F1-88AA-F2CEC51414ED}.Debug|x64.ActiveCfg = Debug|Any CPU
		{5C3B5DED-DBC0-42F1-88AA-F2CEC51414ED}.Debug|x64.Build.0 = Debug|Any CPU
		{5C3B5DED-DBC0-42F1-88AA-F2CEC51414ED}.Debug|x64.Deploy.0 = Debug|Any CPU
		{5C3B5DED-DBC0-42F1-88AA-F2CEC51414ED}.Debug|x86.ActiveCfg = Debug|Any CPU
		{5C3B5DED-DBC0-42F1-88AA-F2CEC51414ED}.Debug|x86.Build.0 = Debug|Any CPU
		{5C3B5DED-DBC0-42F1-88AA-F2CEC51414ED}.Debug|x86.Deploy.0 = Debug|Any CPU
		{5C3B5DED-DBC0-42F1-88AA-F2CEC51414ED}.Release|Any CPU.ActiveCfg = Release|Any CPU
		{5C3B5DED-DBC0-42F1-88AA-F2CEC51414ED}.Release|Any CPU.Build.0 = Release|Any CPU
		{5C3B5DED-DBC0-42F1-88AA-F2CEC51414ED}.Release|Any CPU.Deploy.0 = Release|Any CPU
		{5C3B5DED-DBC0-42F1-88AA-F2CEC51414ED}.Release|ARM.ActiveCfg = Release|Any CPU
		{5C3B5DED-DBC0-42F1-88AA-F2CEC51414ED}.Release|ARM.Build.0 = Release|Any CPU
		{5C3B5DED-DBC0-42F1-88AA-F2CEC51414ED}.Release|ARM.Deploy.0 = Release|Any CPU
		{5C3B5DED-DBC0-42F1-88AA-F2CEC51414ED}.Release|iPhone.ActiveCfg = Release|Any CPU
		{5C3B5DED-DBC0-42F1-88AA-F2CEC51414ED}.Release|iPhone.Build.0 = Release|Any CPU
		{5C3B5DED-DBC0-42F1-88AA-F2CEC51414ED}.Release|iPhone.Deploy.0 = Release|Any CPU
		{5C3B5DED-DBC0-42F1-88AA-F2CEC51414ED}.Release|iPhoneSimulator.ActiveCfg = Release|Any CPU
		{5C3B5DED-DBC0-42F1-88AA-F2CEC51414ED}.Release|iPhoneSimulator.Build.0 = Release|Any CPU
		{5C3B5DED-DBC0-42F1-88AA-F2CEC51414ED}.Release|iPhoneSimulator.Deploy.0 = Release|Any CPU
		{5C3B5DED-DBC0-42F1-88AA-F2CEC51414ED}.Release|x64.ActiveCfg = Release|Any CPU
		{5C3B5DED-DBC0-42F1-88AA-F2CEC51414ED}.Release|x64.Build.0 = Release|Any CPU
		{5C3B5DED-DBC0-42F1-88AA-F2CEC51414ED}.Release|x64.Deploy.0 = Release|Any CPU
		{5C3B5DED-DBC0-42F1-88AA-F2CEC51414ED}.Release|x86.ActiveCfg = Release|Any CPU
		{5C3B5DED-DBC0-42F1-88AA-F2CEC51414ED}.Release|x86.Build.0 = Release|Any CPU
		{5C3B5DED-DBC0-42F1-88AA-F2CEC51414ED}.Release|x86.Deploy.0 = Release|Any CPU
		{C7A87A6E-9FCA-4D66-A14B-A0B7FB853A43}.Ad-Hoc|Any CPU.ActiveCfg = Ad-Hoc|iPhone
		{C7A87A6E-9FCA-4D66-A14B-A0B7FB853A43}.Ad-Hoc|ARM.ActiveCfg = Ad-Hoc|iPhone
		{C7A87A6E-9FCA-4D66-A14B-A0B7FB853A43}.Ad-Hoc|iPhone.ActiveCfg = Ad-Hoc|iPhone
		{C7A87A6E-9FCA-4D66-A14B-A0B7FB853A43}.Ad-Hoc|iPhone.Build.0 = Ad-Hoc|iPhone
		{C7A87A6E-9FCA-4D66-A14B-A0B7FB853A43}.Ad-Hoc|iPhoneSimulator.ActiveCfg = Ad-Hoc|iPhoneSimulator
		{C7A87A6E-9FCA-4D66-A14B-A0B7FB853A43}.Ad-Hoc|iPhoneSimulator.Build.0 = Ad-Hoc|iPhoneSimulator
		{C7A87A6E-9FCA-4D66-A14B-A0B7FB853A43}.Ad-Hoc|x64.ActiveCfg = Ad-Hoc|iPhone
		{C7A87A6E-9FCA-4D66-A14B-A0B7FB853A43}.Ad-Hoc|x86.ActiveCfg = Ad-Hoc|iPhone
		{C7A87A6E-9FCA-4D66-A14B-A0B7FB853A43}.AppStore|Any CPU.ActiveCfg = AppStore|iPhone
		{C7A87A6E-9FCA-4D66-A14B-A0B7FB853A43}.AppStore|ARM.ActiveCfg = AppStore|iPhone
		{C7A87A6E-9FCA-4D66-A14B-A0B7FB853A43}.AppStore|iPhone.ActiveCfg = AppStore|iPhone
		{C7A87A6E-9FCA-4D66-A14B-A0B7FB853A43}.AppStore|iPhone.Build.0 = AppStore|iPhone
		{C7A87A6E-9FCA-4D66-A14B-A0B7FB853A43}.AppStore|iPhoneSimulator.ActiveCfg = AppStore|iPhoneSimulator
		{C7A87A6E-9FCA-4D66-A14B-A0B7FB853A43}.AppStore|iPhoneSimulator.Build.0 = AppStore|iPhoneSimulator
		{C7A87A6E-9FCA-4D66-A14B-A0B7FB853A43}.AppStore|x64.ActiveCfg = AppStore|iPhone
		{C7A87A6E-9FCA-4D66-A14B-A0B7FB853A43}.AppStore|x86.ActiveCfg = AppStore|iPhone
		{C7A87A6E-9FCA-4D66-A14B-A0B7FB853A43}.Debug|Any CPU.ActiveCfg = Debug|iPhone
		{C7A87A6E-9FCA-4D66-A14B-A0B7FB853A43}.Debug|ARM.ActiveCfg = Debug|iPhone
		{C7A87A6E-9FCA-4D66-A14B-A0B7FB853A43}.Debug|iPhone.ActiveCfg = Debug|iPhone
		{C7A87A6E-9FCA-4D66-A14B-A0B7FB853A43}.Debug|iPhone.Build.0 = Debug|iPhone
		{C7A87A6E-9FCA-4D66-A14B-A0B7FB853A43}.Debug|iPhoneSimulator.ActiveCfg = Debug|iPhoneSimulator
		{C7A87A6E-9FCA-4D66-A14B-A0B7FB853A43}.Debug|iPhoneSimulator.Build.0 = Debug|iPhoneSimulator
		{C7A87A6E-9FCA-4D66-A14B-A0B7FB853A43}.Debug|x64.ActiveCfg = Debug|iPhone
		{C7A87A6E-9FCA-4D66-A14B-A0B7FB853A43}.Debug|x86.ActiveCfg = Debug|iPhone
		{C7A87A6E-9FCA-4D66-A14B-A0B7FB853A43}.Release|Any CPU.ActiveCfg = Release|iPhone
		{C7A87A6E-9FCA-4D66-A14B-A0B7FB853A43}.Release|ARM.ActiveCfg = Release|iPhone
		{C7A87A6E-9FCA-4D66-A14B-A0B7FB853A43}.Release|iPhone.ActiveCfg = Release|iPhone
		{C7A87A6E-9FCA-4D66-A14B-A0B7FB853A43}.Release|iPhone.Build.0 = Release|iPhone
		{C7A87A6E-9FCA-4D66-A14B-A0B7FB853A43}.Release|iPhoneSimulator.ActiveCfg = Release|iPhoneSimulator
		{C7A87A6E-9FCA-4D66-A14B-A0B7FB853A43}.Release|iPhoneSimulator.Build.0 = Release|iPhoneSimulator
		{C7A87A6E-9FCA-4D66-A14B-A0B7FB853A43}.Release|x64.ActiveCfg = Release|iPhone
		{C7A87A6E-9FCA-4D66-A14B-A0B7FB853A43}.Release|x86.ActiveCfg = Release|iPhone
		{FF9C0844-04CC-45E5-9A0F-8EA848CFB5CC}.Ad-Hoc|Any CPU.ActiveCfg = Release|x64
		{FF9C0844-04CC-45E5-9A0F-8EA848CFB5CC}.Ad-Hoc|Any CPU.Build.0 = Release|x64
		{FF9C0844-04CC-45E5-9A0F-8EA848CFB5CC}.Ad-Hoc|Any CPU.Deploy.0 = Release|x64
		{FF9C0844-04CC-45E5-9A0F-8EA848CFB5CC}.Ad-Hoc|ARM.ActiveCfg = Release|ARM
		{FF9C0844-04CC-45E5-9A0F-8EA848CFB5CC}.Ad-Hoc|ARM.Build.0 = Release|ARM
		{FF9C0844-04CC-45E5-9A0F-8EA848CFB5CC}.Ad-Hoc|ARM.Deploy.0 = Release|ARM
		{FF9C0844-04CC-45E5-9A0F-8EA848CFB5CC}.Ad-Hoc|iPhone.ActiveCfg = Release|x64
		{FF9C0844-04CC-45E5-9A0F-8EA848CFB5CC}.Ad-Hoc|iPhone.Build.0 = Release|x64
		{FF9C0844-04CC-45E5-9A0F-8EA848CFB5CC}.Ad-Hoc|iPhone.Deploy.0 = Release|x64
		{FF9C0844-04CC-45E5-9A0F-8EA848CFB5CC}.Ad-Hoc|iPhoneSimulator.ActiveCfg = Release|x64
		{FF9C0844-04CC-45E5-9A0F-8EA848CFB5CC}.Ad-Hoc|iPhoneSimulator.Build.0 = Release|x64
		{FF9C0844-04CC-45E5-9A0F-8EA848CFB5CC}.Ad-Hoc|iPhoneSimulator.Deploy.0 = Release|x64
		{FF9C0844-04CC-45E5-9A0F-8EA848CFB5CC}.Ad-Hoc|x64.ActiveCfg = Release|x64
		{FF9C0844-04CC-45E5-9A0F-8EA848CFB5CC}.Ad-Hoc|x64.Build.0 = Release|x64
		{FF9C0844-04CC-45E5-9A0F-8EA848CFB5CC}.Ad-Hoc|x64.Deploy.0 = Release|x64
		{FF9C0844-04CC-45E5-9A0F-8EA848CFB5CC}.Ad-Hoc|x86.ActiveCfg = Release|x86
		{FF9C0844-04CC-45E5-9A0F-8EA848CFB5CC}.Ad-Hoc|x86.Build.0 = Release|x86
		{FF9C0844-04CC-45E5-9A0F-8EA848CFB5CC}.Ad-Hoc|x86.Deploy.0 = Release|x86
		{FF9C0844-04CC-45E5-9A0F-8EA848CFB5CC}.AppStore|Any CPU.ActiveCfg = Release|x64
		{FF9C0844-04CC-45E5-9A0F-8EA848CFB5CC}.AppStore|Any CPU.Build.0 = Release|x64
		{FF9C0844-04CC-45E5-9A0F-8EA848CFB5CC}.AppStore|Any CPU.Deploy.0 = Release|x64
		{FF9C0844-04CC-45E5-9A0F-8EA848CFB5CC}.AppStore|ARM.ActiveCfg = Release|ARM
		{FF9C0844-04CC-45E5-9A0F-8EA848CFB5CC}.AppStore|ARM.Build.0 = Release|ARM
		{FF9C0844-04CC-45E5-9A0F-8EA848CFB5CC}.AppStore|ARM.Deploy.0 = Release|ARM
		{FF9C0844-04CC-45E5-9A0F-8EA848CFB5CC}.AppStore|iPhone.ActiveCfg = Release|x64
		{FF9C0844-04CC-45E5-9A0F-8EA848CFB5CC}.AppStore|iPhone.Build.0 = Release|x64
		{FF9C0844-04CC-45E5-9A0F-8EA848CFB5CC}.AppStore|iPhone.Deploy.0 = Release|x64
		{FF9C0844-04CC-45E5-9A0F-8EA848CFB5CC}.AppStore|iPhoneSimulator.ActiveCfg = Release|x64
		{FF9C0844-04CC-45E5-9A0F-8EA848CFB5CC}.AppStore|iPhoneSimulator.Build.0 = Release|x64
		{FF9C0844-04CC-45E5-9A0F-8EA848CFB5CC}.AppStore|iPhoneSimulator.Deploy.0 = Release|x64
		{FF9C0844-04CC-45E5-9A0F-8EA848CFB5CC}.AppStore|x64.ActiveCfg = Release|x64
		{FF9C0844-04CC-45E5-9A0F-8EA848CFB5CC}.AppStore|x64.Build.0 = Release|x64
		{FF9C0844-04CC-45E5-9A0F-8EA848CFB5CC}.AppStore|x64.Deploy.0 = Release|x64
		{FF9C0844-04CC-45E5-9A0F-8EA848CFB5CC}.AppStore|x86.ActiveCfg = Release|x86
		{FF9C0844-04CC-45E5-9A0F-8EA848CFB5CC}.AppStore|x86.Build.0 = Release|x86
		{FF9C0844-04CC-45E5-9A0F-8EA848CFB5CC}.AppStore|x86.Deploy.0 = Release|x86
		{FF9C0844-04CC-45E5-9A0F-8EA848CFB5CC}.Debug|Any CPU.ActiveCfg = Debug|x86
		{FF9C0844-04CC-45E5-9A0F-8EA848CFB5CC}.Debug|ARM.ActiveCfg = Debug|ARM
		{FF9C0844-04CC-45E5-9A0F-8EA848CFB5CC}.Debug|ARM.Build.0 = Debug|ARM
		{FF9C0844-04CC-45E5-9A0F-8EA848CFB5CC}.Debug|ARM.Deploy.0 = Debug|ARM
		{FF9C0844-04CC-45E5-9A0F-8EA848CFB5CC}.Debug|iPhone.ActiveCfg = Debug|x86
		{FF9C0844-04CC-45E5-9A0F-8EA848CFB5CC}.Debug|iPhoneSimulator.ActiveCfg = Debug|x86
		{FF9C0844-04CC-45E5-9A0F-8EA848CFB5CC}.Debug|x64.ActiveCfg = Debug|x64
		{FF9C0844-04CC-45E5-9A0F-8EA848CFB5CC}.Debug|x64.Build.0 = Debug|x64
		{FF9C0844-04CC-45E5-9A0F-8EA848CFB5CC}.Debug|x64.Deploy.0 = Debug|x64
		{FF9C0844-04CC-45E5-9A0F-8EA848CFB5CC}.Debug|x86.ActiveCfg = Debug|x86
		{FF9C0844-04CC-45E5-9A0F-8EA848CFB5CC}.Debug|x86.Build.0 = Debug|x86
		{FF9C0844-04CC-45E5-9A0F-8EA848CFB5CC}.Debug|x86.Deploy.0 = Debug|x86
		{FF9C0844-04CC-45E5-9A0F-8EA848CFB5CC}.Release|Any CPU.ActiveCfg = Release|x86
		{FF9C0844-04CC-45E5-9A0F-8EA848CFB5CC}.Release|ARM.ActiveCfg = Release|ARM
		{FF9C0844-04CC-45E5-9A0F-8EA848CFB5CC}.Release|ARM.Build.0 = Release|ARM
		{FF9C0844-04CC-45E5-9A0F-8EA848CFB5CC}.Release|ARM.Deploy.0 = Release|ARM
		{FF9C0844-04CC-45E5-9A0F-8EA848CFB5CC}.Release|iPhone.ActiveCfg = Release|x86
		{FF9C0844-04CC-45E5-9A0F-8EA848CFB5CC}.Release|iPhoneSimulator.ActiveCfg = Release|x86
		{FF9C0844-04CC-45E5-9A0F-8EA848CFB5CC}.Release|x64.ActiveCfg = Release|x64
		{FF9C0844-04CC-45E5-9A0F-8EA848CFB5CC}.Release|x64.Build.0 = Release|x64
		{FF9C0844-04CC-45E5-9A0F-8EA848CFB5CC}.Release|x64.Deploy.0 = Release|x64
		{FF9C0844-04CC-45E5-9A0F-8EA848CFB5CC}.Release|x86.ActiveCfg = Release|x86
		{FF9C0844-04CC-45E5-9A0F-8EA848CFB5CC}.Release|x86.Build.0 = Release|x86
		{FF9C0844-04CC-45E5-9A0F-8EA848CFB5CC}.Release|x86.Deploy.0 = Release|x86
		{DC6FBA8F-72D6-4CE3-8D2D-A0094F2A9DA7}.Ad-Hoc|Any CPU.ActiveCfg = Debug|Any CPU
		{DC6FBA8F-72D6-4CE3-8D2D-A0094F2A9DA7}.Ad-Hoc|Any CPU.Build.0 = Debug|Any CPU
		{DC6FBA8F-72D6-4CE3-8D2D-A0094F2A9DA7}.Ad-Hoc|ARM.ActiveCfg = Debug|Any CPU
		{DC6FBA8F-72D6-4CE3-8D2D-A0094F2A9DA7}.Ad-Hoc|ARM.Build.0 = Debug|Any CPU
		{DC6FBA8F-72D6-4CE3-8D2D-A0094F2A9DA7}.Ad-Hoc|iPhone.ActiveCfg = Debug|Any CPU
		{DC6FBA8F-72D6-4CE3-8D2D-A0094F2A9DA7}.Ad-Hoc|iPhone.Build.0 = Debug|Any CPU
		{DC6FBA8F-72D6-4CE3-8D2D-A0094F2A9DA7}.Ad-Hoc|iPhoneSimulator.ActiveCfg = Debug|Any CPU
		{DC6FBA8F-72D6-4CE3-8D2D-A0094F2A9DA7}.Ad-Hoc|iPhoneSimulator.Build.0 = Debug|Any CPU
		{DC6FBA8F-72D6-4CE3-8D2D-A0094F2A9DA7}.Ad-Hoc|x64.ActiveCfg = Debug|Any CPU
		{DC6FBA8F-72D6-4CE3-8D2D-A0094F2A9DA7}.Ad-Hoc|x64.Build.0 = Debug|Any CPU
		{DC6FBA8F-72D6-4CE3-8D2D-A0094F2A9DA7}.Ad-Hoc|x86.ActiveCfg = Debug|Any CPU
		{DC6FBA8F-72D6-4CE3-8D2D-A0094F2A9DA7}.Ad-Hoc|x86.Build.0 = Debug|Any CPU
		{DC6FBA8F-72D6-4CE3-8D2D-A0094F2A9DA7}.AppStore|Any CPU.ActiveCfg = Debug|Any CPU
		{DC6FBA8F-72D6-4CE3-8D2D-A0094F2A9DA7}.AppStore|Any CPU.Build.0 = Debug|Any CPU
		{DC6FBA8F-72D6-4CE3-8D2D-A0094F2A9DA7}.AppStore|ARM.ActiveCfg = Debug|Any CPU
		{DC6FBA8F-72D6-4CE3-8D2D-A0094F2A9DA7}.AppStore|ARM.Build.0 = Debug|Any CPU
		{DC6FBA8F-72D6-4CE3-8D2D-A0094F2A9DA7}.AppStore|iPhone.ActiveCfg = Debug|Any CPU
		{DC6FBA8F-72D6-4CE3-8D2D-A0094F2A9DA7}.AppStore|iPhone.Build.0 = Debug|Any CPU
		{DC6FBA8F-72D6-4CE3-8D2D-A0094F2A9DA7}.AppStore|iPhoneSimulator.ActiveCfg = Debug|Any CPU
		{DC6FBA8F-72D6-4CE3-8D2D-A0094F2A9DA7}.AppStore|iPhoneSimulator.Build.0 = Debug|Any CPU
		{DC6FBA8F-72D6-4CE3-8D2D-A0094F2A9DA7}.AppStore|x64.ActiveCfg = Debug|Any CPU
		{DC6FBA8F-72D6-4CE3-8D2D-A0094F2A9DA7}.AppStore|x64.Build.0 = Debug|Any CPU
		{DC6FBA8F-72D6-4CE3-8D2D-A0094F2A9DA7}.AppStore|x86.ActiveCfg = Debug|Any CPU
		{DC6FBA8F-72D6-4CE3-8D2D-A0094F2A9DA7}.AppStore|x86.Build.0 = Debug|Any CPU
		{DC6FBA8F-72D6-4CE3-8D2D-A0094F2A9DA7}.Debug|Any CPU.ActiveCfg = Debug|Any CPU
		{DC6FBA8F-72D6-4CE3-8D2D-A0094F2A9DA7}.Debug|Any CPU.Build.0 = Debug|Any CPU
		{DC6FBA8F-72D6-4CE3-8D2D-A0094F2A9DA7}.Debug|ARM.ActiveCfg = Debug|Any CPU
		{DC6FBA8F-72D6-4CE3-8D2D-A0094F2A9DA7}.Debug|ARM.Build.0 = Debug|Any CPU
		{DC6FBA8F-72D6-4CE3-8D2D-A0094F2A9DA7}.Debug|iPhone.ActiveCfg = Debug|Any CPU
		{DC6FBA8F-72D6-4CE3-8D2D-A0094F2A9DA7}.Debug|iPhone.Build.0 = Debug|Any CPU
		{DC6FBA8F-72D6-4CE3-8D2D-A0094F2A9DA7}.Debug|iPhoneSimulator.ActiveCfg = Debug|Any CPU
		{DC6FBA8F-72D6-4CE3-8D2D-A0094F2A9DA7}.Debug|iPhoneSimulator.Build.0 = Debug|Any CPU
		{DC6FBA8F-72D6-4CE3-8D2D-A0094F2A9DA7}.Debug|x64.ActiveCfg = Debug|Any CPU
		{DC6FBA8F-72D6-4CE3-8D2D-A0094F2A9DA7}.Debug|x64.Build.0 = Debug|Any CPU
		{DC6FBA8F-72D6-4CE3-8D2D-A0094F2A9DA7}.Debug|x86.ActiveCfg = Debug|Any CPU
		{DC6FBA8F-72D6-4CE3-8D2D-A0094F2A9DA7}.Debug|x86.Build.0 = Debug|Any CPU
		{DC6FBA8F-72D6-4CE3-8D2D-A0094F2A9DA7}.Release|Any CPU.ActiveCfg = Release|Any CPU
		{DC6FBA8F-72D6-4CE3-8D2D-A0094F2A9DA7}.Release|Any CPU.Build.0 = Release|Any CPU
		{DC6FBA8F-72D6-4CE3-8D2D-A0094F2A9DA7}.Release|ARM.ActiveCfg = Release|Any CPU
		{DC6FBA8F-72D6-4CE3-8D2D-A0094F2A9DA7}.Release|ARM.Build.0 = Release|Any CPU
		{DC6FBA8F-72D6-4CE3-8D2D-A0094F2A9DA7}.Release|iPhone.ActiveCfg = Release|Any CPU
		{DC6FBA8F-72D6-4CE3-8D2D-A0094F2A9DA7}.Release|iPhone.Build.0 = Release|Any CPU
		{DC6FBA8F-72D6-4CE3-8D2D-A0094F2A9DA7}.Release|iPhoneSimulator.ActiveCfg = Release|Any CPU
		{DC6FBA8F-72D6-4CE3-8D2D-A0094F2A9DA7}.Release|iPhoneSimulator.Build.0 = Release|Any CPU
		{DC6FBA8F-72D6-4CE3-8D2D-A0094F2A9DA7}.Release|x64.ActiveCfg = Release|Any CPU
		{DC6FBA8F-72D6-4CE3-8D2D-A0094F2A9DA7}.Release|x64.Build.0 = Release|Any CPU
		{DC6FBA8F-72D6-4CE3-8D2D-A0094F2A9DA7}.Release|x86.ActiveCfg = Release|Any CPU
		{DC6FBA8F-72D6-4CE3-8D2D-A0094F2A9DA7}.Release|x86.Build.0 = Release|Any CPU
	EndGlobalSection
	GlobalSection(SolutionProperties) = preSolution
		HideSolutionNode = FALSE
	EndGlobalSection
	GlobalSection(ExtensibilityGlobals) = postSolution
		SolutionGuid = {51E535D3-B2A4-4742-BCEA-98E54695D07B}
	EndGlobalSection
EndGlobal
